
Microsoft Visual Studio Solution File, Format Version 12.00
# Visual Studio Version 17
VisualStudioVersion = 17.0.31903.59
MinimumVisualStudioVersion = 10.0.40219.1
Project("{FAE04EC0-301F-11D3-BF4B-00C04F79EFBC}") = "Tax.Domain", "Tax.Domain\Tax.Domain.csproj", "{17A6F808-3EBC-4FDC-9779-364975288122}"
EndProject
Project("{FAE04EC0-301F-11D3-BF4B-00C04F79EFBC}") = "Tax.Api", "Tax.Api\Tax.Api.csproj", "{4CD531B4-A03A-4141-8D2D-357ABAA27E44}"
EndProject
Project("{FAE04EC0-301F-11D3-BF4B-00C04F79EFBC}") = "Tax.Tests", "Tax.Tests\Tax.Tests.csproj", "{ABCFA449-FD79-4529-AB0F-EFC85D78105E}"
EndProject
Global
	GlobalSection(SolutionConfigurationPlatforms) = preSolution
		Debug|Any CPU = Debug|Any CPU
		Release|Any CPU = Release|Any CPU
	EndGlobalSection
	GlobalSection(SolutionProperties) = preSolution
		HideSolutionNode = FALSE
	EndGlobalSection
	GlobalSection(ProjectConfigurationPlatforms) = postSolution
		{17A6F808-3EBC-4FDC-9779-364975288122}.Debug|Any CPU.ActiveCfg = Debug|Any CPU
		{17A6F808-3EBC-4FDC-9779-364975288122}.Debug|Any CPU.Build.0 = Debug|Any CPU
		{17A6F808-3EBC-4FDC-9779-364975288122}.Release|Any CPU.ActiveCfg = Release|Any CPU
		{17A6F808-3EBC-4FDC-9779-364975288122}.Release|Any CPU.Build.0 = Release|Any CPU
		{4CD531B4-A03A-4141-8D2D-357ABAA27E44}.Debug|Any CPU.ActiveCfg = Debug|Any CPU
		{4CD531B4-A03A-4141-8D2D-357ABAA27E44}.Debug|Any CPU.Build.0 = Debug|Any CPU
		{4CD531B4-A03A-4141-8D2D-357ABAA27E44}.Release|Any CPU.ActiveCfg = Release|Any CPU
		{4CD531B4-A03A-4141-8D2D-357ABAA27E44}.Release|Any CPU.Build.0 = Release|Any CPU
		{ABCFA449-FD79-4529-AB0F-EFC85D78105E}.Debug|Any CPU.ActiveCfg = Debug|Any CPU
		{ABCFA449-FD79-4529-AB0F-EFC85D78105E}.Debug|Any CPU.Build.0 = Debug|Any CPU
		{ABCFA449-FD79-4529-AB0F-EFC85D78105E}.Release|Any CPU.ActiveCfg = Release|Any CPU
		{ABCFA449-FD79-4529-AB0F-EFC85D78105E}.Release|Any CPU.Build.0 = Release|Any CPU
	EndGlobalSection
EndGlobal
